// !$*UTF8*$!
{
	archiveVersion = 1;
	classes = {
	};
	objectVersion = 77;
	objects = {

/* Begin PBXBuildFile section */
		69A9D8BD2CC75CA300F903B7 /* heart-sos Watch App.app in Embed Watch Content */ = {isa = PBXBuildFile; fileRef = 69A9D8BC2CC75CA300F903B7 /* heart-sos Watch App.app */; settings = {ATTRIBUTES = (RemoveHeadersOnCopy, ); }; };
/* End PBXBuildFile section */

/* Begin PBXContainerItemProxy section */
		69A9D8BE2CC75CA300F903B7 /* PBXContainerItemProxy */ = {
			isa = PBXContainerItemProxy;
			containerPortal = 69A9D8B02CC75CA300F903B7 /* Project object */;
			proxyType = 1;
			remoteGlobalIDString = 69A9D8BB2CC75CA300F903B7;
			remoteInfo = "heart-sos Watch App";
		};
		69A9D8CF2CC75CA500F903B7 /* PBXContainerItemProxy */ = {
			isa = PBXContainerItemProxy;
			containerPortal = 69A9D8B02CC75CA300F903B7 /* Project object */;
			proxyType = 1;
			remoteGlobalIDString = 69A9D8BB2CC75CA300F903B7;
			remoteInfo = "heart-sos Watch App";
		};
		69A9D8D92CC75CA500F903B7 /* PBXContainerItemProxy */ = {
			isa = PBXContainerItemProxy;
			containerPortal = 69A9D8B02CC75CA300F903B7 /* Project object */;
			proxyType = 1;
			remoteGlobalIDString = 69A9D8BB2CC75CA300F903B7;
			remoteInfo = "heart-sos Watch App";
		};
/* End PBXContainerItemProxy section */

/* Begin PBXCopyFilesBuildPhase section */
		69A9D8E52CC75CA500F903B7 /* Embed Watch Content */ = {
			isa = PBXCopyFilesBuildPhase;
			buildActionMask = 2147483647;
			dstPath = "$(CONTENTS_FOLDER_PATH)/Watch";
			dstSubfolderSpec = 16;
			files = (
				69A9D8BD2CC75CA300F903B7 /* heart-sos Watch App.app in Embed Watch Content */,
			);
			name = "Embed Watch Content";
			runOnlyForDeploymentPostprocessing = 0;
		};
/* End PBXCopyFilesBuildPhase section */

/* Begin PBXFileReference section */
		69A9D8B62CC75CA300F903B7 /* heart-sos.app */ = {isa = PBXFileReference; explicitFileType = wrapper.application; includeInIndex = 0; path = "heart-sos.app"; sourceTree = BUILT_PRODUCTS_DIR; };
		69A9D8BC2CC75CA300F903B7 /* heart-sos Watch App.app */ = {isa = PBXFileReference; explicitFileType = wrapper.application; includeInIndex = 0; path = "heart-sos Watch App.app"; sourceTree = BUILT_PRODUCTS_DIR; };
		69A9D8CE2CC75CA500F903B7 /* heart-sos Watch AppTests.xctest */ = {isa = PBXFileReference; explicitFileType = wrapper.cfbundle; includeInIndex = 0; path = "heart-sos Watch AppTests.xctest"; sourceTree = BUILT_PRODUCTS_DIR; };
		69A9D8D82CC75CA500F903B7 /* heart-sos Watch AppUITests.xctest */ = {isa = PBXFileReference; explicitFileType = wrapper.cfbundle; includeInIndex = 0; path = "heart-sos Watch AppUITests.xctest"; sourceTree = BUILT_PRODUCTS_DIR; };
/* End PBXFileReference section */

/* Begin PBXFileSystemSynchronizedRootGroup section */
		69A9D8C02CC75CA300F903B7 /* heart-sos Watch App */ = {
			isa = PBXFileSystemSynchronizedRootGroup;
			path = "heart-sos Watch App";
			sourceTree = "<group>";
		};
		69A9D8D12CC75CA500F903B7 /* heart-sos Watch AppTests */ = {
			isa = PBXFileSystemSynchronizedRootGroup;
			path = "heart-sos Watch AppTests";
			sourceTree = "<group>";
		};
		69A9D8DB2CC75CA500F903B7 /* heart-sos Watch AppUITests */ = {
			isa = PBXFileSystemSynchronizedRootGroup;
			path = "heart-sos Watch AppUITests";
			sourceTree = "<group>";
		};
/* End PBXFileSystemSynchronizedRootGroup section */

/* Begin PBXFrameworksBuildPhase section */
		69A9D8B92CC75CA300F903B7 /* Frameworks */ = {
			isa = PBXFrameworksBuildPhase;
			buildActionMask = 2147483647;
			files = (
			);
			runOnlyForDeploymentPostprocessing = 0;
		};
		69A9D8CB2CC75CA500F903B7 /* Frameworks */ = {
			isa = PBXFrameworksBuildPhase;
			buildActionMask = 2147483647;
			files = (
			);
			runOnlyForDeploymentPostprocessing = 0;
		};
		69A9D8D52CC75CA500F903B7 /* Frameworks */ = {
			isa = PBXFrameworksBuildPhase;
			buildActionMask = 2147483647;
			files = (
			);
			runOnlyForDeploymentPostprocessing = 0;
		};
/* End PBXFrameworksBuildPhase section */

/* Begin PBXGroup section */
		69A9D8AF2CC75CA300F903B7 = {
			isa = PBXGroup;
			children = (
				69A9D8C02CC75CA300F903B7 /* heart-sos Watch App */,
				69A9D8D12CC75CA500F903B7 /* heart-sos Watch AppTests */,
				69A9D8DB2CC75CA500F903B7 /* heart-sos Watch AppUITests */,
				69A9D8B72CC75CA300F903B7 /* Products */,
			);
			sourceTree = "<group>";
		};
		69A9D8B72CC75CA300F903B7 /* Products */ = {
			isa = PBXGroup;
			children = (
				69A9D8B62CC75CA300F903B7 /* heart-sos.app */,
				69A9D8BC2CC75CA300F903B7 /* heart-sos Watch App.app */,
				69A9D8CE2CC75CA500F903B7 /* heart-sos Watch AppTests.xctest */,
				69A9D8D82CC75CA500F903B7 /* heart-sos Watch AppUITests.xctest */,
			);
			name = Products;
			sourceTree = "<group>";
		};
/* End PBXGroup section */

/* Begin PBXNativeTarget section */
		69A9D8B52CC75CA300F903B7 /* heart-sos */ = {
			isa = PBXNativeTarget;
			buildConfigurationList = 69A9D8E62CC75CA500F903B7 /* Build configuration list for PBXNativeTarget "heart-sos" */;
			buildPhases = (
				69A9D8B42CC75CA300F903B7 /* Resources */,
				69A9D8E52CC75CA500F903B7 /* Embed Watch Content */,
			);
			buildRules = (
			);
			dependencies = (
				69A9D8BF2CC75CA300F903B7 /* PBXTargetDependency */,
			);
			name = "heart-sos";
			packageProductDependencies = (
			);
			productName = "heart-sos";
			productReference = 69A9D8B62CC75CA300F903B7 /* heart-sos.app */;
			productType = "com.apple.product-type.application.watchapp2-container";
		};
		69A9D8BB2CC75CA300F903B7 /* heart-sos Watch App */ = {
			isa = PBXNativeTarget;
			buildConfigurationList = 69A9D8E22CC75CA500F903B7 /* Build configuration list for PBXNativeTarget "heart-sos Watch App" */;
			buildPhases = (
				69A9D8B82CC75CA300F903B7 /* Sources */,
				69A9D8B92CC75CA300F903B7 /* Frameworks */,
				69A9D8BA2CC75CA300F903B7 /* Resources */,
			);
			buildRules = (
			);
			dependencies = (
			);
			fileSystemSynchronizedGroups = (
				69A9D8C02CC75CA300F903B7 /* heart-sos Watch App */,
			);
			name = "heart-sos Watch App";
			packageProductDependencies = (
			);
			productName = "heart-sos Watch App";
			productReference = 69A9D8BC2CC75CA300F903B7 /* heart-sos Watch App.app */;
			productType = "com.apple.product-type.application";
		};
		69A9D8CD2CC75CA500F903B7 /* heart-sos Watch AppTests */ = {
			isa = PBXNativeTarget;
			buildConfigurationList = 69A9D8E92CC75CA500F903B7 /* Build configuration list for PBXNativeTarget "heart-sos Watch AppTests" */;
			buildPhases = (
				69A9D8CA2CC75CA500F903B7 /* Sources */,
				69A9D8CB2CC75CA500F903B7 /* Frameworks */,
				69A9D8CC2CC75CA500F903B7 /* Resources */,
			);
			buildRules = (
			);
			dependencies = (
				69A9D8D02CC75CA500F903B7 /* PBXTargetDependency */,
			);
			fileSystemSynchronizedGroups = (
				69A9D8D12CC75CA500F903B7 /* heart-sos Watch AppTests */,
			);
			name = "heart-sos Watch AppTests";
			packageProductDependencies = (
			);
			productName = "heart-sos Watch AppTests";
			productReference = 69A9D8CE2CC75CA500F903B7 /* heart-sos Watch AppTests.xctest */;
			productType = "com.apple.product-type.bundle.unit-test";
		};
		69A9D8D72CC75CA500F903B7 /* heart-sos Watch AppUITests */ = {
			isa = PBXNativeTarget;
			buildConfigurationList = 69A9D8EC2CC75CA500F903B7 /* Build configuration list for PBXNativeTarget "heart-sos Watch AppUITests" */;
			buildPhases = (
				69A9D8D42CC75CA500F903B7 /* Sources */,
				69A9D8D52CC75CA500F903B7 /* Frameworks */,
				69A9D8D62CC75CA500F903B7 /* Resources */,
			);
			buildRules = (
			);
			dependencies = (
				69A9D8DA2CC75CA500F903B7 /* PBXTargetDependency */,
			);
			fileSystemSynchronizedGroups = (
				69A9D8DB2CC75CA500F903B7 /* heart-sos Watch AppUITests */,
			);
			name = "heart-sos Watch AppUITests";
			packageProductDependencies = (
			);
			productName = "heart-sos Watch AppUITests";
			productReference = 69A9D8D82CC75CA500F903B7 /* heart-sos Watch AppUITests.xctest */;
			productType = "com.apple.product-type.bundle.ui-testing";
		};
/* End PBXNativeTarget section */

/* Begin PBXProject section */
		69A9D8B02CC75CA300F903B7 /* Project object */ = {
			isa = PBXProject;
			attributes = {
				BuildIndependentTargetsInParallel = 1;
				LastSwiftUpdateCheck = 1600;
				LastUpgradeCheck = 1600;
				TargetAttributes = {
					69A9D8B52CC75CA300F903B7 = {
						CreatedOnToolsVersion = 16.0;
					};
					69A9D8BB2CC75CA300F903B7 = {
						CreatedOnToolsVersion = 16.0;
					};
					69A9D8CD2CC75CA500F903B7 = {
						CreatedOnToolsVersion = 16.0;
						TestTargetID = 69A9D8BB2CC75CA300F903B7;
					};
					69A9D8D72CC75CA500F903B7 = {
						CreatedOnToolsVersion = 16.0;
						TestTargetID = 69A9D8BB2CC75CA300F903B7;
					};
				};
			};
			buildConfigurationList = 69A9D8B32CC75CA300F903B7 /* Build configuration list for PBXProject "heart-sos" */;
			developmentRegion = en;
			hasScannedForEncodings = 0;
			knownRegions = (
				en,
				Base,
			);
			mainGroup = 69A9D8AF2CC75CA300F903B7;
			minimizedProjectReferenceProxies = 1;
			preferredProjectObjectVersion = 77;
			productRefGroup = 69A9D8B72CC75CA300F903B7 /* Products */;
			projectDirPath = "";
			projectRoot = "";
			targets = (
				69A9D8B52CC75CA300F903B7 /* heart-sos */,
				69A9D8BB2CC75CA300F903B7 /* heart-sos Watch App */,
				69A9D8CD2CC75CA500F903B7 /* heart-sos Watch AppTests */,
				69A9D8D72CC75CA500F903B7 /* heart-sos Watch AppUITests */,
			);
		};
/* End PBXProject section */

/* Begin PBXResourcesBuildPhase section */
		69A9D8B42CC75CA300F903B7 /* Resources */ = {
			isa = PBXResourcesBuildPhase;
			buildActionMask = 2147483647;
			files = (
			);
			runOnlyForDeploymentPostprocessing = 0;
		};
		69A9D8BA2CC75CA300F903B7 /* Resources */ = {
			isa = PBXResourcesBuildPhase;
			buildActionMask = 2147483647;
			files = (
			);
			runOnlyForDeploymentPostprocessing = 0;
		};
		69A9D8CC2CC75CA500F903B7 /* Resources */ = {
			isa = PBXResourcesBuildPhase;
			buildActionMask = 2147483647;
			files = (
			);
			runOnlyForDeploymentPostprocessing = 0;
		};
		69A9D8D62CC75CA500F903B7 /* Resources */ = {
			isa = PBXResourcesBuildPhase;
			buildActionMask = 2147483647;
			files = (
			);
			runOnlyForDeploymentPostprocessing = 0;
		};
/* End PBXResourcesBuildPhase section */

/* Begin PBXSourcesBuildPhase section */
		69A9D8B82CC75CA300F903B7 /* Sources */ = {
			isa = PBXSourcesBuildPhase;
			buildActionMask = 2147483647;
			files = (
			);
			runOnlyForDeploymentPostprocessing = 0;
		};
		69A9D8CA2CC75CA500F903B7 /* Sources */ = {
			isa = PBXSourcesBuildPhase;
			buildActionMask = 2147483647;
			files = (
			);
			runOnlyForDeploymentPostprocessing = 0;
		};
		69A9D8D42CC75CA500F903B7 /* Sources */ = {
			isa = PBXSourcesBuildPhase;
			buildActionMask = 2147483647;
			files = (
			);
			runOnlyForDeploymentPostprocessing = 0;
		};
/* End PBXSourcesBuildPhase section */

/* Begin PBXTargetDependency section */
		69A9D8BF2CC75CA300F903B7 /* PBXTargetDependency */ = {
			isa = PBXTargetDependency;
			target = 69A9D8BB2CC75CA300F903B7 /* heart-sos Watch App */;
			targetProxy = 69A9D8BE2CC75CA300F903B7 /* PBXContainerItemProxy */;
		};
		69A9D8D02CC75CA500F903B7 /* PBXTargetDependency */ = {
			isa = PBXTargetDependency;
			target = 69A9D8BB2CC75CA300F903B7 /* heart-sos Watch App */;
			targetProxy = 69A9D8CF2CC75CA500F903B7 /* PBXContainerItemProxy */;
		};
		69A9D8DA2CC75CA500F903B7 /* PBXTargetDependency */ = {
			isa = PBXTargetDependency;
			target = 69A9D8BB2CC75CA300F903B7 /* heart-sos Watch App */;
			targetProxy = 69A9D8D92CC75CA500F903B7 /* PBXContainerItemProxy */;
		};
/* End PBXTargetDependency section */

/* Begin XCBuildConfiguration section */
		69A9D8E02CC75CA500F903B7 /* Debug */ = {
			isa = XCBuildConfiguration;
			buildSettings = {
				ALWAYS_SEARCH_USER_PATHS = NO;
				ASSETCATALOG_COMPILER_GENERATE_SWIFT_ASSET_SYMBOL_EXTENSIONS = YES;
				CLANG_ANALYZER_NONNULL = YES;
				CLANG_ANALYZER_NUMBER_OBJECT_CONVERSION = YES_AGGRESSIVE;
				CLANG_CXX_LANGUAGE_STANDARD = "gnu++20";
				CLANG_ENABLE_MODULES = YES;
				CLANG_ENABLE_OBJC_ARC = YES;
				CLANG_ENABLE_OBJC_WEAK = YES;
				CLANG_WARN_BLOCK_CAPTURE_AUTORELEASING = YES;
				CLANG_WARN_BOOL_CONVERSION = YES;
				CLANG_WARN_COMMA = YES;
				CLANG_WARN_CONSTANT_CONVERSION = YES;
				CLANG_WARN_DEPRECATED_OBJC_IMPLEMENTATIONS = YES;
				CLANG_WARN_DIRECT_OBJC_ISA_USAGE = YES_ERROR;
				CLANG_WARN_DOCUMENTATION_COMMENTS = YES;
				CLANG_WARN_EMPTY_BODY = YES;
				CLANG_WARN_ENUM_CONVERSION = YES;
				CLANG_WARN_INFINITE_RECURSION = YES;
				CLANG_WARN_INT_CONVERSION = YES;
				CLANG_WARN_NON_LITERAL_NULL_CONVERSION = YES;
				CLANG_WARN_OBJC_IMPLICIT_RETAIN_SELF = YES;
				CLANG_WARN_OBJC_LITERAL_CONVERSION = YES;
				CLANG_WARN_OBJC_ROOT_CLASS = YES_ERROR;
				CLANG_WARN_QUOTED_INCLUDE_IN_FRAMEWORK_HEADER = YES;
				CLANG_WARN_RANGE_LOOP_ANALYSIS = YES;
				CLANG_WARN_STRICT_PROTOTYPES = YES;
				CLANG_WARN_SUSPICIOUS_MOVE = YES;
				CLANG_WARN_UNGUARDED_AVAILABILITY = YES_AGGRESSIVE;
				CLANG_WARN_UNREACHABLE_CODE = YES;
				CLANG_WARN__DUPLICATE_METHOD_MATCH = YES;
				COPY_PHASE_STRIP = NO;
				DEBUG_INFORMATION_FORMAT = dwarf;
				ENABLE_STRICT_OBJC_MSGSEND = YES;
				ENABLE_TESTABILITY = YES;
				ENABLE_USER_SCRIPT_SANDBOXING = YES;
				GCC_C_LANGUAGE_STANDARD = gnu17;
				GCC_DYNAMIC_NO_PIC = NO;
				GCC_NO_COMMON_BLOCKS = YES;
				GCC_OPTIMIZATION_LEVEL = 0;
				GCC_PREPROCESSOR_DEFINITIONS = (
					"DEBUG=1",
					"$(inherited)",
				);
				GCC_WARN_64_TO_32_BIT_CONVERSION = YES;
				GCC_WARN_ABOUT_RETURN_TYPE = YES_ERROR;
				GCC_WARN_UNDECLARED_SELECTOR = YES;
				GCC_WARN_UNINITIALIZED_AUTOS = YES_AGGRESSIVE;
				GCC_WARN_UNUSED_FUNCTION = YES;
				GCC_WARN_UNUSED_VARIABLE = YES;
				LOCALIZATION_PREFERS_STRING_CATALOGS = YES;
				MTL_ENABLE_DEBUG_INFO = INCLUDE_SOURCE;
				MTL_FAST_MATH = YES;
				ONLY_ACTIVE_ARCH = YES;
				SWIFT_ACTIVE_COMPILATION_CONDITIONS = "DEBUG $(inherited)";
				SWIFT_OPTIMIZATION_LEVEL = "-Onone";
			};
			name = Debug;
		};
		69A9D8E12CC75CA500F903B7 /* Release */ = {
			isa = XCBuildConfiguration;
			buildSettings = {
				ALWAYS_SEARCH_USER_PATHS = NO;
				ASSETCATALOG_COMPILER_GENERATE_SWIFT_ASSET_SYMBOL_EXTENSIONS = YES;
				CLANG_ANALYZER_NONNULL = YES;
				CLANG_ANALYZER_NUMBER_OBJECT_CONVERSION = YES_AGGRESSIVE;
				CLANG_CXX_LANGUAGE_STANDARD = "gnu++20";
				CLANG_ENABLE_MODULES = YES;
				CLANG_ENABLE_OBJC_ARC = YES;
				CLANG_ENABLE_OBJC_WEAK = YES;
				CLANG_WARN_BLOCK_CAPTURE_AUTORELEASING = YES;
				CLANG_WARN_BOOL_CONVERSION = YES;
				CLANG_WARN_COMMA = YES;
				CLANG_WARN_CONSTANT_CONVERSION = YES;
				CLANG_WARN_DEPRECATED_OBJC_IMPLEMENTATIONS = YES;
				CLANG_WARN_DIRECT_OBJC_ISA_USAGE = YES_ERROR;
				CLANG_WARN_DOCUMENTATION_COMMENTS = YES;
				CLANG_WARN_EMPTY_BODY = YES;
				CLANG_WARN_ENUM_CONVERSION = YES;
				CLANG_WARN_INFINITE_RECURSION = YES;
				CLANG_WARN_INT_CONVERSION = YES;
				CLANG_WARN_NON_LITERAL_NULL_CONVERSION = YES;
				CLANG_WARN_OBJC_IMPLICIT_RETAIN_SELF = YES;
				CLANG_WARN_OBJC_LITERAL_CONVERSION = YES;
				CLANG_WARN_OBJC_ROOT_CLASS = YES_ERROR;
				CLANG_WARN_QUOTED_INCLUDE_IN_FRAMEWORK_HEADER = YES;
				CLANG_WARN_RANGE_LOOP_ANALYSIS = YES;
				CLANG_WARN_STRICT_PROTOTYPES = YES;
				CLANG_WARN_SUSPICIOUS_MOVE = YES;
				CLANG_WARN_UNGUARDED_AVAILABILITY = YES_AGGRESSIVE;
				CLANG_WARN_UNREACHABLE_CODE = YES;
				CLANG_WARN__DUPLICATE_METHOD_MATCH = YES;
				COPY_PHASE_STRIP = NO;
				DEBUG_INFORMATION_FORMAT = "dwarf-with-dsym";
				ENABLE_NS_ASSERTIONS = NO;
				ENABLE_STRICT_OBJC_MSGSEND = YES;
				ENABLE_USER_SCRIPT_SANDBOXING = YES;
				GCC_C_LANGUAGE_STANDARD = gnu17;
				GCC_NO_COMMON_BLOCKS = YES;
				GCC_WARN_64_TO_32_BIT_CONVERSION = YES;
				GCC_WARN_ABOUT_RETURN_TYPE = YES_ERROR;
				GCC_WARN_UNDECLARED_SELECTOR = YES;
				GCC_WARN_UNINITIALIZED_AUTOS = YES_AGGRESSIVE;
				GCC_WARN_UNUSED_FUNCTION = YES;
				GCC_WARN_UNUSED_VARIABLE = YES;
				LOCALIZATION_PREFERS_STRING_CATALOGS = YES;
				MTL_ENABLE_DEBUG_INFO = NO;
				MTL_FAST_MATH = YES;
				SWIFT_COMPILATION_MODE = wholemodule;
			};
			name = Release;
		};
		69A9D8E32CC75CA500F903B7 /* Debug */ = {
			isa = XCBuildConfiguration;
			buildSettings = {
				ASSETCATALOG_COMPILER_APPICON_NAME = AppIcon;
				ASSETCATALOG_COMPILER_GLOBAL_ACCENT_COLOR_NAME = AccentColor;
				CODE_SIGN_STYLE = Automatic;
				CURRENT_PROJECT_VERSION = 1;
				DEVELOPMENT_ASSET_PATHS = "\"heart-sos Watch App/Preview Content\"";
				DEVELOPMENT_TEAM = L5YSLP9JMP;
				ENABLE_PREVIEWS = YES;
				GENERATE_INFOPLIST_FILE = YES;
				INFOPLIST_KEY_CFBundleDisplayName = "heart-sos";
				INFOPLIST_KEY_UISupportedInterfaceOrientations = "UIInterfaceOrientationPortrait UIInterfaceOrientationPortraitUpsideDown";
				INFOPLIST_KEY_WKWatchOnly = YES;
				LD_RUNPATH_SEARCH_PATHS = (
					"$(inherited)",
					"@executable_path/Frameworks",
				);
				MARKETING_VERSION = 1.0;
				PRODUCT_BUNDLE_IDENTIFIER = "khoaduydoan.heart-sos.watchkitapp";
				PRODUCT_NAME = "$(TARGET_NAME)";
				SDKROOT = watchos;
				SKIP_INSTALL = YES;
				SWIFT_EMIT_LOC_STRINGS = YES;
				SWIFT_VERSION = 5.0;
				TARGETED_DEVICE_FAMILY = 4;
				WATCHOS_DEPLOYMENT_TARGET = 11.0;
			};
			name = Debug;
		};
		69A9D8E42CC75CA500F903B7 /* Release */ = {
			isa = XCBuildConfiguration;
			buildSettings = {
				ASSETCATALOG_COMPILER_APPICON_NAME = AppIcon;
				ASSETCATALOG_COMPILER_GLOBAL_ACCENT_COLOR_NAME = AccentColor;
				CODE_SIGN_STYLE = Automatic;
				CURRENT_PROJECT_VERSION = 1;
				DEVELOPMENT_ASSET_PATHS = "\"heart-sos Watch App/Preview Content\"";
				DEVELOPMENT_TEAM = L5YSLP9JMP;
				ENABLE_PREVIEWS = YES;
				GENERATE_INFOPLIST_FILE = YES;
				INFOPLIST_KEY_CFBundleDisplayName = "heart-sos";
				INFOPLIST_KEY_UISupportedInterfaceOrientations = "UIInterfaceOrientationPortrait UIInterfaceOrientationPortraitUpsideDown";
				INFOPLIST_KEY_WKWatchOnly = YES;
				LD_RUNPATH_SEARCH_PATHS = (
					"$(inherited)",
					"@executable_path/Frameworks",
				);
				MARKETING_VERSION = 1.0;
				PRODUCT_BUNDLE_IDENTIFIER = "khoaduydoan.heart-sos.watchkitapp";
				PRODUCT_NAME = "$(TARGET_NAME)";
				SDKROOT = watchos;
				SKIP_INSTALL = YES;
				SWIFT_EMIT_LOC_STRINGS = YES;
				SWIFT_VERSION = 5.0;
				TARGETED_DEVICE_FAMILY = 4;
				VALIDATE_PRODUCT = YES;
				WATCHOS_DEPLOYMENT_TARGET = 11.0;
			};
			name = Release;
		};
		69A9D8E72CC75CA500F903B7 /* Debug */ = {
			isa = XCBuildConfiguration;
			buildSettings = {
				CODE_SIGN_STYLE = Automatic;
				CURRENT_PROJECT_VERSION = 1;
				DEVELOPMENT_TEAM = L5YSLP9JMP;
				INFOPLIST_KEY_CFBundleDisplayName = "heart-sos";
				MARKETING_VERSION = 1.0;
				PRODUCT_BUNDLE_IDENTIFIER = "khoaduydoan.heart-sos";
				PRODUCT_NAME = "$(TARGET_NAME)";
				SDKROOT = iphoneos;
				SWIFT_VERSION = 5.0;
			};
			name = Debug;
		};
		69A9D8E82CC75CA500F903B7 /* Release */ = {
			isa = XCBuildConfiguration;
			buildSettings = {
				CODE_SIGN_STYLE = Automatic;
				CURRENT_PROJECT_VERSION = 1;
				DEVELOPMENT_TEAM = L5YSLP9JMP;
				INFOPLIST_KEY_CFBundleDisplayName = "heart-sos";
				MARKETING_VERSION = 1.0;
				PRODUCT_BUNDLE_IDENTIFIER = "khoaduydoan.heart-sos";
				PRODUCT_NAME = "$(TARGET_NAME)";
				SDKROOT = iphoneos;
				SWIFT_VERSION = 5.0;
				VALIDATE_PRODUCT = YES;
			};
			name = Release;
		};
		69A9D8EA2CC75CA500F903B7 /* Debug */ = {
			isa = XCBuildConfiguration;
			buildSettings = {
				BUNDLE_LOADER = "$(TEST_HOST)";
				CODE_SIGN_STYLE = Automatic;
				CURRENT_PROJECT_VERSION = 1;
				DEVELOPMENT_TEAM = L5YSLP9JMP;
				GENERATE_INFOPLIST_FILE = YES;
				MARKETING_VERSION = 1.0;
				PRODUCT_BUNDLE_IDENTIFIER = "khoaduydoan.heart-sos-Watch-AppTests";
				PRODUCT_NAME = "$(TARGET_NAME)";
				SDKROOT = watchos;
				SWIFT_EMIT_LOC_STRINGS = NO;
				SWIFT_VERSION = 5.0;
				TARGETED_DEVICE_FAMILY = 4;
				TEST_HOST = "$(BUILT_PRODUCTS_DIR)/heart-sos Watch App.app/$(BUNDLE_EXECUTABLE_FOLDER_PATH)/heart-sos Watch App";
				WATCHOS_DEPLOYMENT_TARGET = 11.0;
			};
			name = Debug;
		};
		69A9D8EB2CC75CA500F903B7 /* Release */ = {
			isa = XCBuildConfiguration;
			buildSettings = {
				BUNDLE_LOADER = "$(TEST_HOST)";
				CODE_SIGN_STYLE = Automatic;
				CURRENT_PROJECT_VERSION = 1;
				DEVELOPMENT_TEAM = L5YSLP9JMP;
				GENERATE_INFOPLIST_FILE = YES;
				MARKETING_VERSION = 1.0;
				PRODUCT_BUNDLE_IDENTIFIER = "khoaduydoan.heart-sos-Watch-AppTests";
				PRODUCT_NAME = "$(TARGET_NAME)";
				SDKROOT = watchos;
				SWIFT_EMIT_LOC_STRINGS = NO;
				SWIFT_VERSION = 5.0;
				TARGETED_DEVICE_FAMILY = 4;
				TEST_HOST = "$(BUILT_PRODUCTS_DIR)/heart-sos Watch App.app/$(BUNDLE_EXECUTABLE_FOLDER_PATH)/heart-sos Watch App";
				VALIDATE_PRODUCT = YES;
				WATCHOS_DEPLOYMENT_TARGET = 11.0;
			};
			name = Release;
		};
		69A9D8ED2CC75CA500F903B7 /* Debug */ = {
			isa = XCBuildConfiguration;
			buildSettings = {
				CODE_SIGN_STYLE = Automatic;
				CURRENT_PROJECT_VERSION = 1;
				DEVELOPMENT_TEAM = L5YSLP9JMP;
				GENERATE_INFOPLIST_FILE = YES;
				MARKETING_VERSION = 1.0;
				PRODUCT_BUNDLE_IDENTIFIER = "khoaduydoan.heart-sos-Watch-AppUITests";
				PRODUCT_NAME = "$(TARGET_NAME)";
				SDKROOT = watchos;
				SWIFT_EMIT_LOC_STRINGS = NO;
				SWIFT_VERSION = 5.0;
				TARGETED_DEVICE_FAMILY = 4;
				TEST_TARGET_NAME = "heart-sos Watch App";
				WATCHOS_DEPLOYMENT_TARGET = 11.0;
			};
			name = Debug;
		};
		69A9D8EE2CC75CA500F903B7 /* Release */ = {
			isa = XCBuildConfiguration;
			buildSettings = {
				CODE_SIGN_STYLE = Automatic;
				CURRENT_PROJECT_VERSION = 1;
				DEVELOPMENT_TEAM = L5YSLP9JMP;
				GENERATE_INFOPLIST_FILE = YES;
				MARKETING_VERSION = 1.0;
				PRODUCT_BUNDLE_IDENTIFIER = "khoaduydoan.heart-sos-Watch-AppUITests";
				PRODUCT_NAME = "$(TARGET_NAME)";
				SDKROOT = watchos;
				SWIFT_EMIT_LOC_STRINGS = NO;
				SWIFT_VERSION = 5.0;
				TARGETED_DEVICE_FAMILY = 4;
				TEST_TARGET_NAME = "heart-sos Watch App";
				VALIDATE_PRODUCT = YES;
				WATCHOS_DEPLOYMENT_TARGET = 11.0;
			};
			name = Release;
		};
/* End XCBuildConfiguration section */

/* Begin XCConfigurationList section */
		69A9D8B32CC75CA300F903B7 /* Build configuration list for PBXProject "heart-sos" */ = {
			isa = XCConfigurationList;
			buildConfigurations = (
				69A9D8E02CC75CA500F903B7 /* Debug */,
				69A9D8E12CC75CA500F903B7 /* Release */,
			);
			defaultConfigurationIsVisible = 0;
			defaultConfigurationName = Release;
		};
		69A9D8E22CC75CA500F903B7 /* Build configuration list for PBXNativeTarget "heart-sos Watch App" */ = {
			isa = XCConfigurationList;
			buildConfigurations = (
				69A9D8E32CC75CA500F903B7 /* Debug */,
				69A9D8E42CC75CA500F903B7 /* Release */,
			);
			defaultConfigurationIsVisible = 0;
			defaultConfigurationName = Release;
		};
		69A9D8E62CC75CA500F903B7 /* Build configuration list for PBXNativeTarget "heart-sos" */ = {
			isa = XCConfigurationList;
			buildConfigurations = (
				69A9D8E72CC75CA500F903B7 /* Debug */,
				69A9D8E82CC75CA500F903B7 /* Release */,
			);
			defaultConfigurationIsVisible = 0;
			defaultConfigurationName = Release;
		};
		69A9D8E92CC75CA500F903B7 /* Build configuration list for PBXNativeTarget "heart-sos Watch AppTests" */ = {
			isa = XCConfigurationList;
			buildConfigurations = (
				69A9D8EA2CC75CA500F903B7 /* Debug */,
				69A9D8EB2CC75CA500F903B7 /* Release */,
			);
			defaultConfigurationIsVisible = 0;
			defaultConfigurationName = Release;
		};
		69A9D8EC2CC75CA500F903B7 /* Build configuration list for PBXNativeTarget "heart-sos Watch AppUITests" */ = {
			isa = XCConfigurationList;
			buildConfigurations = (
				69A9D8ED2CC75CA500F903B7 /* Debug */,
				69A9D8EE2CC75CA500F903B7 /* Release */,
			);
			defaultConfigurationIsVisible = 0;
			defaultConfigurationName = Release;
		};
/* End XCConfigurationList section */
	};
	rootObject = 69A9D8B02CC75CA300F903B7 /* Project object */;
}
